
Microsoft Visual Studio Solution File, Format Version 12.00
# Visual Studio 15
VisualStudioVersion = 15.0.26730.16
MinimumVisualStudioVersion = 10.0.40219.1
Project("{FAE04EC0-301F-11D3-BF4B-00C04F79EFBC}") = "Smiley Face Counter", "Smiley Face Counter\Smiley Face Counter.csproj", "{6A9D339A-5415-4CE8-A290-9AABBA7CD234}"
EndProject
Global
	GlobalSection(SolutionConfigurationPlatforms) = preSolution
		Debug|Any CPU = Debug|Any CPU
		Release|Any CPU = Release|Any CPU
	EndGlobalSection
	GlobalSection(ProjectConfigurationPlatforms) = postSolution
		{6A9D339A-5415-4CE8-A290-9AABBA7CD234}.Debug|Any CPU.ActiveCfg = Debug|Any CPU
		{6A9D339A-5415-4CE8-A290-9AABBA7CD234}.Debug|Any CPU.Build.0 = Debug|Any CPU
		{6A9D339A-5415-4CE8-A290-9AABBA7CD234}.Release|Any CPU.ActiveCfg = Release|Any CPU
		{6A9D339A-5415-4CE8-A290-9AABBA7CD234}.Release|Any CPU.Build.0 = Release|Any CPU
	EndGlobalSection
	GlobalSection(SolutionProperties) = preSolution
		HideSolutionNode = FALSE
	EndGlobalSection
	GlobalSection(ExtensibilityGlobals) = postSolution
		SolutionGuid = {63EADF2E-F6FC-44A1-8C0E-1EEB5F0CA9EC}
	EndGlobalSection
EndGlobal
